
Microsoft Visual Studio Solution File, Format Version 12.00
# Visual Studio Version 16
VisualStudioVersion = 16.0.31005.135
MinimumVisualStudioVersion = 10.0.40219.1
Project("{FAE04EC0-301F-11D3-BF4B-00C04F79EFBC}") = "SuperMarket", "SuperMarket\SuperMarket.csproj", "{DDB1BCC0-6BB5-438D-801D-758C589C3B34}"
EndProject
Project("{FAE04EC0-301F-11D3-BF4B-00C04F79EFBC}") = "DataAccessLayer", "DataAccessLayer\DataAccessLayer.csproj", "{8A488C4F-3F7E-44F6-AEF6-5ABE1E3EBC1E}"
EndProject
Global
	GlobalSection(SolutionConfigurationPlatforms) = preSolution
		Debug|Any CPU = Debug|Any CPU
		Release|Any CPU = Release|Any CPU
	EndGlobalSection
	GlobalSection(ProjectConfigurationPlatforms) = postSolution
		{DDB1BCC0-6BB5-438D-801D-758C589C3B34}.Debug|Any CPU.ActiveCfg = Debug|Any CPU
		{DDB1BCC0-6BB5-438D-801D-758C589C3B34}.Debug|Any CPU.Build.0 = Debug|Any CPU
		{DDB1BCC0-6BB5-438D-801D-758C589C3B34}.Release|Any CPU.ActiveCfg = Release|Any CPU
		{DDB1BCC0-6BB5-438D-801D-758C589C3B34}.Release|Any CPU.Build.0 = Release|Any CPU
		{8A488C4F-3F7E-44F6-AEF6-5ABE1E3EBC1E}.Debug|Any CPU.ActiveCfg = Debug|Any CPU
		{8A488C4F-3F7E-44F6-AEF6-5ABE1E3EBC1E}.Debug|Any CPU.Build.0 = Debug|Any CPU
		{8A488C4F-3F7E-44F6-AEF6-5ABE1E3EBC1E}.Release|Any CPU.ActiveCfg = Release|Any CPU
		{8A488C4F-3F7E-44F6-AEF6-5ABE1E3EBC1E}.Release|Any CPU.Build.0 = Release|Any CPU
	EndGlobalSection
	GlobalSection(SolutionProperties) = preSolution
		HideSolutionNode = FALSE
	EndGlobalSection
	GlobalSection(ExtensibilityGlobals) = postSolution
		SolutionGuid = {767DFB08-2E32-497C-AFFC-4722709E3780}
	EndGlobalSection
EndGlobal
